{
  "version": 4,
  "terraform_version": "1.15.5",
  "serial": 39,
  "lineage": "f808055a-0003-7900-acf8-7aa77739dff5",
  "outputs": {
    "cloudwatch_log_group": {
      "value": "/aws/lambda/drift-monitor",
      "type": "string"
    },
    "eol_cache_bucket": {
      "value": "drift-monitor-eol-cache-491510380554",
      "type": "string"
    },
    "lambda_function_arn": {
      "value": "arn:aws:lambda:us-east-1:491510380554:function:drift-monitor",
      "type": "string"
    },
    "lambda_function_name": {
      "value": "drift-monitor",
      "type": "string"
    },
    "manual_trigger_command": {
      "value": "aws lambda invoke --function-name drift-monitor --payload '{\"manual\": true}' --cli-binary-format raw-in-base64-out /tmp/drift-response.json \u0026\u0026 cat /tmp/drift-response.json",
      "type": "string"
    },
    "post_deploy_note": {
      "value": "ACTION REQUIRED: Check your email and confirm the SNS subscription from AWS. Alerts wont deliver until confirmed.",
      "type": "string"
    },
    "sns_topic_arn": {
      "value": "arn:aws:sns:us-east-1:491510380554:drift-monitor-alerts",
      "type": "string"
    }
  },
  "resources": [
    {
      "mode": "data",
      "type": "archive_file",
      "name": "lambda_zip",
      "provider": "provider[\"registry.terraform.io/hashicorp/archive\"]",
      "instances": [
        {
          "schema_version": 0,
          "attributes": {
            "exclude_symlink_directories": null,
            "excludes": null,
            "id": "b0f1a81ff3a834c48ac9105952e7699c39d6b344",
            "output_base64sha256": "W3xe6AmyVxZ4bVWesRPCAt6OP2UFXHr9MtyL4gRLtic=",
            "output_base64sha512": "sAAYearl3buhM/ZZKPM8jTwl087Ln7+kE1tHaMmxGm+OqEcUvplVDerkgdKDOUk+xAYBQyS2k9f6vzkBqjjM6g==",
            "output_file_mode": null,
            "output_md5": "219dec917e980be420b6cd00f969c4c1",
            "output_path": "./../dist/lambda.zip",
            "output_sha": "b0f1a81ff3a834c48ac9105952e7699c39d6b344",
            "output_sha256": "5b7c5ee809b25716786d559eb113c202de8e3f65055c7afd32dc8be2044bb627",
            "output_sha512": "b0001879aae5ddbba133f65928f33c8d3c25d3cecb9fbfa4135b4768c9b11a6f8ea84714be99550deae481d28339493ec406014324b693d7fabf3901aa38ccea",
            "output_size": 1102077,
            "source": [],
            "source_content": null,
            "source_content_filename": null,
            "source_dir": "./../dist/package",
            "source_file": null,
            "type": "zip"
          },
          "sensitive_attributes": [],
          "identity_schema_version": 0
        }
      ]
    },
    {
      "mode": "data",
      "type": "aws_caller_identity",
      "name": "current",
      "provider": "provider[\"registry.terraform.io/hashicorp/aws\"]",
      "instances": [
        {
          "schema_version": 0,
          "attributes": {
            "account_id": "491510380554",
            "arn": "arn:aws:iam::491510380554:user/George",
            "id": "491510380554",
            "user_id": "AIDAXE4CNHAFKQQLBLLNW"
          },
          "sensitive_attributes": [],
          "identity_schema_version": 0
        }
      ]
    },
    {
      "mode": "data",
      "type": "aws_iam_policy_document",
      "name": "cloudformation_read",
      "provider": "provider[\"registry.terraform.io/hashicorp/aws\"]",
      "instances": [
        {
          "schema_version": 0,
          "attributes": {
            "id": "1780972383",
            "json": "{\n  \"Version\": \"2012-10-17\",\n  \"Statement\": [\n    {\n      \"Effect\": \"Allow\",\n      \"Action\": [\n        \"cloudformation:ListStacks\",\n        \"cloudformation:ListStackResources\",\n        \"cloudformation:DescribeStacks\"\n      ],\n      \"Resource\": \"*\"\n    }\n  ]\n}",
            "minified_json": "{\"Version\":\"2012-10-17\",\"Statement\":[{\"Effect\":\"Allow\",\"Action\":[\"cloudformation:ListStacks\",\"cloudformation:ListStackResources\",\"cloudformation:DescribeStacks\"],\"Resource\":\"*\"}]}",
            "override_json": null,
            "override_policy_documents": null,
            "policy_id": null,
            "source_json": null,
            "source_policy_documents": null,
            "statement": [
              {
                "actions": [
                  "cloudformation:DescribeStacks",
                  "cloudformation:ListStackResources",
                  "cloudformation:ListStacks"
                ],
                "condition": [],
                "effect": "Allow",
                "not_actions": [],
                "not_principals": [],
                "not_resources": [],
                "principals": [],
                "resources": [
                  "*"
                ],
                "sid": ""
              }
            ],
            "version": "2012-10-17"
          },
          "sensitive_attributes": [],
          "identity_schema_version": 0
        }
      ]
    },
    {
      "mode": "data",
      "type": "aws_iam_policy_document",
      "name": "cloudwatch_logs",
      "provider": "provider[\"registry.terraform.io/hashicorp/aws\"]",
      "instances": [
        {
          "schema_version": 0,
          "attributes": {
            "id": "1689566435",
            "json": "{\n  \"Version\": \"2012-10-17\",\n  \"Statement\": [\n    {\n      \"Effect\": \"Allow\",\n      \"Action\": [\n        \"logs:PutLogEvents\",\n        \"logs:CreateLogStream\",\n        \"logs:CreateLogGroup\"\n      ],\n      \"Resource\": \"arn:aws:logs:us-east-1:491510380554:log-group:/aws/lambda/drift-monitor:*\"\n    }\n  ]\n}",
            "minified_json": "{\"Version\":\"2012-10-17\",\"Statement\":[{\"Effect\":\"Allow\",\"Action\":[\"logs:PutLogEvents\",\"logs:CreateLogStream\",\"logs:CreateLogGroup\"],\"Resource\":\"arn:aws:logs:us-east-1:491510380554:log-group:/aws/lambda/drift-monitor:*\"}]}",
            "override_json": null,
            "override_policy_documents": null,
            "policy_id": null,
            "source_json": null,
            "source_policy_documents": null,
            "statement": [
              {
                "actions": [
                  "logs:CreateLogGroup",
                  "logs:CreateLogStream",
                  "logs:PutLogEvents"
                ],
                "condition": [],
                "effect": "Allow",
                "not_actions": [],
                "not_principals": [],
                "not_resources": [],
                "principals": [],
                "resources": [
                  "arn:aws:logs:us-east-1:491510380554:log-group:/aws/lambda/drift-monitor:*"
                ],
                "sid": ""
              }
            ],
            "version": "2012-10-17"
          },
          "sensitive_attributes": [],
          "identity_schema_version": 0
        }
      ]
    },
    {
      "mode": "data",
      "type": "aws_iam_policy_document",
      "name": "lambda_read",
      "provider": "provider[\"registry.terraform.io/hashicorp/aws\"]",
      "instances": [
        {
          "schema_version": 0,
          "attributes": {
            "id": "2688614433",
            "json": "{\n  \"Version\": \"2012-10-17\",\n  \"Statement\": [\n    {\n      \"Effect\": \"Allow\",\n      \"Action\": \"lambda:GetFunctionConfiguration\",\n      \"Resource\": \"*\"\n    }\n  ]\n}",
            "minified_json": "{\"Version\":\"2012-10-17\",\"Statement\":[{\"Effect\":\"Allow\",\"Action\":\"lambda:GetFunctionConfiguration\",\"Resource\":\"*\"}]}",
            "override_json": null,
            "override_policy_documents": null,
            "policy_id": null,
            "source_json": null,
            "source_policy_documents": null,
            "statement": [
              {
                "actions": [
                  "lambda:GetFunctionConfiguration"
                ],
                "condition": [],
                "effect": "Allow",
                "not_actions": [],
                "not_principals": [],
                "not_resources": [],
                "principals": [],
                "resources": [
                  "*"
                ],
                "sid": ""
              }
            ],
            "version": "2012-10-17"
          },
          "sensitive_attributes": [],
          "identity_schema_version": 0
        }
      ]
    },
    {
      "mode": "data",
      "type": "aws_iam_policy_document",
      "name": "lambda_trust",
      "provider": "provider[\"registry.terraform.io/hashicorp/aws\"]",
      "instances": [
        {
          "schema_version": 0,
          "attributes": {
            "id": "2690255455",
            "json": "{\n  \"Version\": \"2012-10-17\",\n  \"Statement\": [\n    {\n      \"Effect\": \"Allow\",\n      \"Action\": \"sts:AssumeRole\",\n      \"Principal\": {\n        \"Service\": \"lambda.amazonaws.com\"\n      }\n    }\n  ]\n}",
            "minified_json": "{\"Version\":\"2012-10-17\",\"Statement\":[{\"Effect\":\"Allow\",\"Action\":\"sts:AssumeRole\",\"Principal\":{\"Service\":\"lambda.amazonaws.com\"}}]}",
            "override_json": null,
            "override_policy_documents": null,
            "policy_id": null,
            "source_json": null,
            "source_policy_documents": null,
            "statement": [
              {
                "actions": [
                  "sts:AssumeRole"
                ],
                "condition": [],
                "effect": "Allow",
                "not_actions": [],
                "not_principals": [],
                "not_resources": [],
                "principals": [
                  {
                    "identifiers": [
                      "lambda.amazonaws.com"
                    ],
                    "type": "Service"
                  }
                ],
                "resources": [],
                "sid": ""
              }
            ],
            "version": "2012-10-17"
          },
          "sensitive_attributes": [],
          "identity_schema_version": 0
        }
      ]
    },
    {
      "mode": "data",
      "type": "aws_iam_policy_document",
      "name": "s3_cache",
      "provider": "provider[\"registry.terraform.io/hashicorp/aws\"]",
      "instances": [
        {
          "schema_version": 0,
          "attributes": {
            "id": "3916310003",
            "json": "{\n  \"Version\": \"2012-10-17\",\n  \"Statement\": [\n    {\n      \"Effect\": \"Allow\",\n      \"Action\": [\n        \"s3:PutObject\",\n        \"s3:ListBucket\",\n        \"s3:HeadObject\",\n        \"s3:GetObject\"\n      ],\n      \"Resource\": [\n        \"arn:aws:s3:::drift-monitor-eol-cache-491510380554/*\",\n        \"arn:aws:s3:::drift-monitor-eol-cache-491510380554\"\n      ]\n    }\n  ]\n}",
            "minified_json": "{\"Version\":\"2012-10-17\",\"Statement\":[{\"Effect\":\"Allow\",\"Action\":[\"s3:PutObject\",\"s3:ListBucket\",\"s3:HeadObject\",\"s3:GetObject\"],\"Resource\":[\"arn:aws:s3:::drift-monitor-eol-cache-491510380554/*\",\"arn:aws:s3:::drift-monitor-eol-cache-491510380554\"]}]}",
            "override_json": null,
            "override_policy_documents": null,
            "policy_id": null,
            "source_json": null,
            "source_policy_documents": null,
            "statement": [
              {
                "actions": [
                  "s3:GetObject",
                  "s3:HeadObject",
                  "s3:ListBucket",
                  "s3:PutObject"
                ],
                "condition": [],
                "effect": "Allow",
                "not_actions": [],
                "not_principals": [],
                "not_resources": [],
                "principals": [],
                "resources": [
                  "arn:aws:s3:::drift-monitor-eol-cache-491510380554",
                  "arn:aws:s3:::drift-monitor-eol-cache-491510380554/*"
                ],
                "sid": ""
              }
            ],
            "version": "2012-10-17"
          },
          "sensitive_attributes": [],
          "identity_schema_version": 0
        }
      ]
    },
    {
      "mode": "data",
      "type": "aws_iam_policy_document",
      "name": "sns_publish",
      "provider": "provider[\"registry.terraform.io/hashicorp/aws\"]",
      "instances": [
        {
          "schema_version": 0,
          "attributes": {
            "id": "169782868",
            "json": "{\n  \"Version\": \"2012-10-17\",\n  \"Statement\": [\n    {\n      \"Effect\": \"Allow\",\n      \"Action\": \"sns:Publish\",\n      \"Resource\": \"arn:aws:sns:us-east-1:491510380554:drift-monitor-alerts\"\n    }\n  ]\n}",
            "minified_json": "{\"Version\":\"2012-10-17\",\"Statement\":[{\"Effect\":\"Allow\",\"Action\":\"sns:Publish\",\"Resource\":\"arn:aws:sns:us-east-1:491510380554:drift-monitor-alerts\"}]}",
            "override_json": null,
            "override_policy_documents": null,
            "policy_id": null,
            "source_json": null,
            "source_policy_documents": null,
            "statement": [
              {
                "actions": [
                  "sns:Publish"
                ],
                "condition": [],
                "effect": "Allow",
                "not_actions": [],
                "not_principals": [],
                "not_resources": [],
                "principals": [],
                "resources": [
                  "arn:aws:sns:us-east-1:491510380554:drift-monitor-alerts"
                ],
                "sid": ""
              }
            ],
            "version": "2012-10-17"
          },
          "sensitive_attributes": [],
          "identity_schema_version": 0
        }
      ]
    },
    {
      "mode": "data",
      "type": "aws_iam_policy_document",
      "name": "ssm_read",
      "provider": "provider[\"registry.terraform.io/hashicorp/aws\"]",
      "instances": [
        {
          "schema_version": 0,
          "attributes": {
            "id": "2257179021",
            "json": "{\n  \"Version\": \"2012-10-17\",\n  \"Statement\": [\n    {\n      \"Effect\": \"Allow\",\n      \"Action\": \"ssm:GetParameter\",\n      \"Resource\": \"arn:aws:ssm:us-east-1:491510380554:parameter/drift-monitor/anthropic-api-key\"\n    },\n    {\n      \"Effect\": \"Allow\",\n      \"Action\": \"kms:Decrypt\",\n      \"Resource\": \"*\"\n    }\n  ]\n}",
            "minified_json": "{\"Version\":\"2012-10-17\",\"Statement\":[{\"Effect\":\"Allow\",\"Action\":\"ssm:GetParameter\",\"Resource\":\"arn:aws:ssm:us-east-1:491510380554:parameter/drift-monitor/anthropic-api-key\"},{\"Effect\":\"Allow\",\"Action\":\"kms:Decrypt\",\"Resource\":\"*\"}]}",
            "override_json": null,
            "override_policy_documents": null,
            "policy_id": null,
            "source_json": null,
            "source_policy_documents": null,
            "statement": [
              {
                "actions": [
                  "ssm:GetParameter"
                ],
                "condition": [],
                "effect": "Allow",
                "not_actions": [],
                "not_principals": [],
                "not_resources": [],
                "principals": [],
                "resources": [
                  "arn:aws:ssm:us-east-1:491510380554:parameter/drift-monitor/anthropic-api-key"
                ],
                "sid": ""
              },
              {
                "actions": [
                  "kms:Decrypt"
                ],
                "condition": [],
                "effect": "Allow",
                "not_actions": [],
                "not_principals": [],
                "not_resources": [],
                "principals": [],
                "resources": [
                  "*"
                ],
                "sid": ""
              }
            ],
            "version": "2012-10-17"
          },
          "sensitive_attributes": [],
          "identity_schema_version": 0
        }
      ]
    },
    {
      "mode": "managed",
      "type": "aws_cloudwatch_event_rule",
      "name": "drift_monitor_schedule",
      "provider": "provider[\"registry.terraform.io/hashicorp/aws\"]",
      "instances": [
        {
          "schema_version": 1,
          "attributes": {
            "arn": "arn:aws:events:us-east-1:491510380554:rule/drift-monitor-schedule",
            "description": "Triggers the drift monitor Lambda on a schedule",
            "event_bus_name": "default",
            "event_pattern": null,
            "force_destroy": false,
            "id": "drift-monitor-schedule",
            "is_enabled": true,
            "name": "drift-monitor-schedule",
            "name_prefix": "",
            "role_arn": "",
            "schedule_expression": "rate(7 days)",
            "state": "ENABLED",
            "tags": {
              "Project": "drift-monitor"
            },
            "tags_all": {
              "Project": "drift-monitor"
            }
          },
          "sensitive_attributes": [],
          "identity_schema_version": 0,
          "private": "eyJzY2hlbWFfdmVyc2lvbiI6IjEifQ=="
        }
      ]
    },
    {
      "mode": "managed",
      "type": "aws_cloudwatch_event_target",
      "name": "drift_monitor",
      "provider": "provider[\"registry.terraform.io/hashicorp/aws\"]",
      "instances": [
        {
          "schema_version": 1,
          "attributes": {
            "appsync_target": [],
            "arn": "arn:aws:lambda:us-east-1:491510380554:function:drift-monitor",
            "batch_target": [],
            "dead_letter_config": [],
            "ecs_target": [],
            "event_bus_name": "default",
            "force_destroy": false,
            "http_target": [],
            "id": "drift-monitor-schedule-DriftMonitorLambda",
            "input": "",
            "input_path": "",
            "input_transformer": [],
            "kinesis_target": [],
            "redshift_target": [],
            "retry_policy": [],
            "role_arn": "",
            "rule": "drift-monitor-schedule",
            "run_command_targets": [],
            "sagemaker_pipeline_target": [],
            "sqs_target": [],
            "target_id": "DriftMonitorLambda"
          },
          "sensitive_attributes": [],
          "identity_schema_version": 0,
          "private": "eyJzY2hlbWFfdmVyc2lvbiI6IjEifQ==",
          "dependencies": [
            "aws_cloudwatch_event_rule.drift_monitor_schedule",
            "aws_iam_role.drift_monitor",
            "aws_lambda_function.drift_monitor",
            "aws_s3_bucket.eol_cache",
            "aws_sns_topic.drift_alerts",
            "data.archive_file.lambda_zip",
            "data.aws_caller_identity.current",
            "data.aws_iam_policy_document.lambda_trust",
            "null_resource.build_lambda"
          ]
        }
      ]
    },
    {
      "mode": "managed",
      "type": "aws_cloudwatch_log_group",
      "name": "drift_monitor",
      "provider": "provider[\"registry.terraform.io/hashicorp/aws\"]",
      "instances": [
        {
          "schema_version": 0,
          "attributes": {
            "arn": "arn:aws:logs:us-east-1:491510380554:log-group:/aws/lambda/drift-monitor",
            "id": "/aws/lambda/drift-monitor",
            "kms_key_id": "",
            "log_group_class": "STANDARD",
            "name": "/aws/lambda/drift-monitor",
            "name_prefix": "",
            "retention_in_days": 30,
            "skip_destroy": false,
            "tags": {
              "Project": "drift-monitor"
            },
            "tags_all": {
              "Project": "drift-monitor"
            }
          },
          "sensitive_attributes": [],
          "identity_schema_version": 0,
          "private": "bnVsbA=="
        }
      ]
    },
    {
      "mode": "managed",
      "type": "aws_iam_policy",
      "name": "cloudformation_read",
      "provider": "provider[\"registry.terraform.io/hashicorp/aws\"]",
      "instances": [
        {
          "schema_version": 0,
          "attributes": {
            "arn": "arn:aws:iam::491510380554:policy/drift-monitor-cloudformation-read",
            "attachment_count": 1,
            "description": "",
            "id": "arn:aws:iam::491510380554:policy/drift-monitor-cloudformation-read",
            "name": "drift-monitor-cloudformation-read",
            "name_prefix": "",
            "path": "/",
            "policy": "{\"Statement\":[{\"Action\":[\"cloudformation:ListStacks\",\"cloudformation:ListStackResources\",\"cloudformation:DescribeStacks\"],\"Effect\":\"Allow\",\"Resource\":\"*\"}],\"Version\":\"2012-10-17\"}",
            "policy_id": "ANPAXE4CNHAFKQ6QDMCXB",
            "tags": {},
            "tags_all": {}
          },
          "sensitive_attributes": [],
          "identity_schema_version": 0,
          "private": "bnVsbA==",
          "dependencies": [
            "data.aws_iam_policy_document.cloudformation_read"
          ]
        }
      ]
    },
    {
      "mode": "managed",
      "type": "aws_iam_policy",
      "name": "cloudwatch_logs",
      "provider": "provider[\"registry.terraform.io/hashicorp/aws\"]",
      "instances": [
        {
          "schema_version": 0,
          "attributes": {
            "arn": "arn:aws:iam::491510380554:policy/drift-monitor-cloudwatch-logs",
            "attachment_count": 1,
            "description": "",
            "id": "arn:aws:iam::491510380554:policy/drift-monitor-cloudwatch-logs",
            "name": "drift-monitor-cloudwatch-logs",
            "name_prefix": "",
            "path": "/",
            "policy": "{\"Statement\":[{\"Action\":[\"logs:PutLogEvents\",\"logs:CreateLogStream\",\"logs:CreateLogGroup\"],\"Effect\":\"Allow\",\"Resource\":\"arn:aws:logs:us-east-1:491510380554:log-group:/aws/lambda/drift-monitor:*\"}],\"Version\":\"2012-10-17\"}",
            "policy_id": "ANPAXE4CNHAFF5JYDEO7U",
            "tags": {},
            "tags_all": {}
          },
          "sensitive_attributes": [],
          "identity_schema_version": 0,
          "private": "bnVsbA==",
          "dependencies": [
            "data.aws_caller_identity.current",
            "data.aws_iam_policy_document.cloudwatch_logs"
          ]
        }
      ]
    },
    {
      "mode": "managed",
      "type": "aws_iam_policy",
      "name": "lambda_read",
      "provider": "provider[\"registry.terraform.io/hashicorp/aws\"]",
      "instances": [
        {
          "schema_version": 0,
          "attributes": {
            "arn": "arn:aws:iam::491510380554:policy/drift-monitor-lambda-read",
            "attachment_count": 1,
            "description": "",
            "id": "arn:aws:iam::491510380554:policy/drift-monitor-lambda-read",
            "name": "drift-monitor-lambda-read",
            "name_prefix": "",
            "path": "/",
            "policy": "{\"Statement\":[{\"Action\":\"lambda:GetFunctionConfiguration\",\"Effect\":\"Allow\",\"Resource\":\"*\"}],\"Version\":\"2012-10-17\"}",
            "policy_id": "ANPAXE4CNHAFI4UVDSZP5",
            "tags": {},
            "tags_all": {}
          },
          "sensitive_attributes": [],
          "identity_schema_version": 0,
          "private": "bnVsbA==",
          "dependencies": [
            "data.aws_iam_policy_document.lambda_read"
          ]
        }
      ]
    },
    {
      "mode": "managed",
      "type": "aws_iam_policy",
      "name": "s3_cache",
      "provider": "provider[\"registry.terraform.io/hashicorp/aws\"]",
      "instances": [
        {
          "schema_version": 0,
          "attributes": {
            "arn": "arn:aws:iam::491510380554:policy/drift-monitor-s3-cache",
            "attachment_count": 1,
            "description": "",
            "id": "arn:aws:iam::491510380554:policy/drift-monitor-s3-cache",
            "name": "drift-monitor-s3-cache",
            "name_prefix": "",
            "path": "/",
            "policy": "{\"Statement\":[{\"Action\":[\"s3:PutObject\",\"s3:ListBucket\",\"s3:HeadObject\",\"s3:GetObject\"],\"Effect\":\"Allow\",\"Resource\":[\"arn:aws:s3:::drift-monitor-eol-cache-491510380554/*\",\"arn:aws:s3:::drift-monitor-eol-cache-491510380554\"]}],\"Version\":\"2012-10-17\"}",
            "policy_id": "ANPAXE4CNHAFGME5YCH3H",
            "tags": {},
            "tags_all": {}
          },
          "sensitive_attributes": [],
          "identity_schema_version": 0,
          "private": "bnVsbA==",
          "dependencies": [
            "aws_s3_bucket.eol_cache",
            "data.aws_caller_identity.current",
            "data.aws_iam_policy_document.s3_cache"
          ]
        }
      ]
    },
    {
      "mode": "managed",
      "type": "aws_iam_policy",
      "name": "sns_publish",
      "provider": "provider[\"registry.terraform.io/hashicorp/aws\"]",
      "instances": [
        {
          "schema_version": 0,
          "attributes": {
            "arn": "arn:aws:iam::491510380554:policy/drift-monitor-sns-publish",
            "attachment_count": 1,
            "description": "",
            "id": "arn:aws:iam::491510380554:policy/drift-monitor-sns-publish",
            "name": "drift-monitor-sns-publish",
            "name_prefix": "",
            "path": "/",
            "policy": "{\"Statement\":[{\"Action\":\"sns:Publish\",\"Effect\":\"Allow\",\"Resource\":\"arn:aws:sns:us-east-1:491510380554:drift-monitor-alerts\"}],\"Version\":\"2012-10-17\"}",
            "policy_id": "ANPAXE4CNHAFPSNL4I3WA",
            "tags": {},
            "tags_all": {}
          },
          "sensitive_attributes": [],
          "identity_schema_version": 0,
          "private": "bnVsbA==",
          "dependencies": [
            "aws_sns_topic.drift_alerts",
            "data.aws_iam_policy_document.sns_publish"
          ]
        }
      ]
    },
    {
      "mode": "managed",
      "type": "aws_iam_policy",
      "name": "ssm_read",
      "provider": "provider[\"registry.terraform.io/hashicorp/aws\"]",
      "instances": [
        {
          "schema_version": 0,
          "attributes": {
            "arn": "arn:aws:iam::491510380554:policy/drift-monitor-ssm-read",
            "attachment_count": 1,
            "description": "",
            "id": "arn:aws:iam::491510380554:policy/drift-monitor-ssm-read",
            "name": "drift-monitor-ssm-read",
            "name_prefix": "",
            "path": "/",
            "policy": "{\"Statement\":[{\"Action\":\"ssm:GetParameter\",\"Effect\":\"Allow\",\"Resource\":\"arn:aws:ssm:us-east-1:491510380554:parameter/drift-monitor/anthropic-api-key\"},{\"Action\":\"kms:Decrypt\",\"Effect\":\"Allow\",\"Resource\":\"*\"}],\"Version\":\"2012-10-17\"}",
            "policy_id": "ANPAXE4CNHAFKDXHYLJW7",
            "tags": {},
            "tags_all": {}
          },
          "sensitive_attributes": [],
          "identity_schema_version": 0,
          "private": "bnVsbA==",
          "dependencies": [
            "data.aws_caller_identity.current",
            "data.aws_iam_policy_document.ssm_read"
          ]
        }
      ]
    },
    {
      "mode": "managed",
      "type": "aws_iam_role",
      "name": "drift_monitor",
      "provider": "provider[\"registry.terraform.io/hashicorp/aws\"]",
      "instances": [
        {
          "schema_version": 0,
          "attributes": {
            "arn": "arn:aws:iam::491510380554:role/drift-monitor-lambda-role",
            "assume_role_policy": "{\"Statement\":[{\"Action\":\"sts:AssumeRole\",\"Effect\":\"Allow\",\"Principal\":{\"Service\":\"lambda.amazonaws.com\"}}],\"Version\":\"2012-10-17\"}",
            "create_date": "2026-06-05T05:44:55Z",
            "description": "",
            "force_detach_policies": false,
            "id": "drift-monitor-lambda-role",
            "inline_policy": [],
            "managed_policy_arns": [
              "arn:aws:iam::491510380554:policy/drift-monitor-cloudformation-read",
              "arn:aws:iam::491510380554:policy/drift-monitor-cloudwatch-logs",
              "arn:aws:iam::491510380554:policy/drift-monitor-lambda-read",
              "arn:aws:iam::491510380554:policy/drift-monitor-s3-cache",
              "arn:aws:iam::491510380554:policy/drift-monitor-sns-publish",
              "arn:aws:iam::491510380554:policy/drift-monitor-ssm-read"
            ],
            "max_session_duration": 3600,
            "name": "drift-monitor-lambda-role",
            "name_prefix": "",
            "path": "/",
            "permissions_boundary": "",
            "tags": {
              "Project": "drift-monitor"
            },
            "tags_all": {
              "Project": "drift-monitor"
            },
            "unique_id": "AROAXE4CNHAFIWYNR5NTG"
          },
          "sensitive_attributes": [],
          "identity_schema_version": 0,
          "private": "bnVsbA==",
          "dependencies": [
            "data.aws_iam_policy_document.lambda_trust"
          ]
        }
      ]
    },
    {
      "mode": "managed",
      "type": "aws_iam_role_policy_attachment",
      "name": "cloudformation_read",
      "provider": "provider[\"registry.terraform.io/hashicorp/aws\"]",
      "instances": [
        {
          "schema_version": 0,
          "attributes": {
            "id": "drift-monitor-lambda-role-20260605054455892400000001",
            "policy_arn": "arn:aws:iam::491510380554:policy/drift-monitor-cloudformation-read",
            "role": "drift-monitor-lambda-role"
          },
          "sensitive_attributes": [],
          "identity_schema_version": 0,
          "private": "bnVsbA==",
          "dependencies": [
            "aws_iam_policy.cloudformation_read",
            "aws_iam_role.drift_monitor",
            "data.aws_iam_policy_document.cloudformation_read",
            "data.aws_iam_policy_document.lambda_trust"
          ]
        }
      ]
    },
    {
      "mode": "managed",
      "type": "aws_iam_role_policy_attachment",
      "name": "cloudwatch_logs",
      "provider": "provider[\"registry.terraform.io/hashicorp/aws\"]",
      "instances": [
        {
          "schema_version": 0,
          "attributes": {
            "id": "drift-monitor-lambda-role-20260605054455946000000004",
            "policy_arn": "arn:aws:iam::491510380554:policy/drift-monitor-cloudwatch-logs",
            "role": "drift-monitor-lambda-role"
          },
          "sensitive_attributes": [],
          "identity_schema_version": 0,
          "private": "bnVsbA==",
          "dependencies": [
            "aws_iam_policy.cloudwatch_logs",
            "aws_iam_role.drift_monitor",
            "data.aws_caller_identity.current",
            "data.aws_iam_policy_document.cloudwatch_logs",
            "data.aws_iam_policy_document.lambda_trust"
          ]
        }
      ]
    },
    {
      "mode": "managed",
      "type": "aws_iam_role_policy_attachment",
      "name": "lambda_read",
      "provider": "provider[\"registry.terraform.io/hashicorp/aws\"]",
      "instances": [
        {
          "schema_version": 0,
          "attributes": {
            "id": "drift-monitor-lambda-role-20260605054455897000000002",
            "policy_arn": "arn:aws:iam::491510380554:policy/drift-monitor-lambda-read",
            "role": "drift-monitor-lambda-role"
          },
          "sensitive_attributes": [],
          "identity_schema_version": 0,
          "private": "bnVsbA==",
          "dependencies": [
            "aws_iam_policy.lambda_read",
            "aws_iam_role.drift_monitor",
            "data.aws_iam_policy_document.lambda_read",
            "data.aws_iam_policy_document.lambda_trust"
          ]
        }
      ]
    },
    {
      "mode": "managed",
      "type": "aws_iam_role_policy_attachment",
      "name": "s3_cache",
      "provider": "provider[\"registry.terraform.io/hashicorp/aws\"]",
      "instances": [
        {
          "schema_version": 0,
          "attributes": {
            "id": "drift-monitor-lambda-role-20260605054457149800000006",
            "policy_arn": "arn:aws:iam::491510380554:policy/drift-monitor-s3-cache",
            "role": "drift-monitor-lambda-role"
          },
          "sensitive_attributes": [],
          "identity_schema_version": 0,
          "private": "bnVsbA==",
          "dependencies": [
            "aws_iam_policy.s3_cache",
            "aws_iam_role.drift_monitor",
            "aws_s3_bucket.eol_cache",
            "data.aws_caller_identity.current",
            "data.aws_iam_policy_document.lambda_trust",
            "data.aws_iam_policy_document.s3_cache"
          ]
        }
      ]
    },
    {
      "mode": "managed",
      "type": "aws_iam_role_policy_attachment",
      "name": "sns_publish",
      "provider": "provider[\"registry.terraform.io/hashicorp/aws\"]",
      "instances": [
        {
          "schema_version": 0,
          "attributes": {
            "id": "drift-monitor-lambda-role-20260605054456347500000005",
            "policy_arn": "arn:aws:iam::491510380554:policy/drift-monitor-sns-publish",
            "role": "drift-monitor-lambda-role"
          },
          "sensitive_attributes": [],
          "identity_schema_version": 0,
          "private": "bnVsbA==",
          "dependencies": [
            "aws_iam_policy.sns_publish",
            "aws_iam_role.drift_monitor",
            "aws_sns_topic.drift_alerts",
            "data.aws_iam_policy_document.lambda_trust",
            "data.aws_iam_policy_document.sns_publish"
          ]
        }
      ]
    },
    {
      "mode": "managed",
      "type": "aws_iam_role_policy_attachment",
      "name": "ssm_read",
      "provider": "provider[\"registry.terraform.io/hashicorp/aws\"]",
      "instances": [
        {
          "schema_version": 0,
          "attributes": {
            "id": "drift-monitor-lambda-role-20260605054455942300000003",
            "policy_arn": "arn:aws:iam::491510380554:policy/drift-monitor-ssm-read",
            "role": "drift-monitor-lambda-role"
          },
          "sensitive_attributes": [],
          "identity_schema_version": 0,
          "private": "bnVsbA==",
          "dependencies": [
            "aws_iam_policy.ssm_read",
            "aws_iam_role.drift_monitor",
            "data.aws_caller_identity.current",
            "data.aws_iam_policy_document.lambda_trust",
            "data.aws_iam_policy_document.ssm_read"
          ]
        }
      ]
    },
    {
      "mode": "managed",
      "type": "aws_lambda_function",
      "name": "drift_monitor",
      "provider": "provider[\"registry.terraform.io/hashicorp/aws\"]",
      "instances": [
        {
          "schema_version": 0,
          "attributes": {
            "architectures": [
              "x86_64"
            ],
            "arn": "arn:aws:lambda:us-east-1:491510380554:function:drift-monitor",
            "code_sha256": "W3xe6AmyVxZ4bVWesRPCAt6OP2UFXHr9MtyL4gRLtic=",
            "code_signing_config_arn": "",
            "dead_letter_config": [],
            "description": "",
            "environment": [
              {
                "variables": {
                  "ANTHROPIC_SSM_PARAMETER": "/drift-monitor/anthropic-api-key",
                  "DAYS_UNTIL_EOL_WARNING": "90",
                  "EOL_CACHE_BUCKET": "drift-monitor-eol-cache-491510380554",
                  "EOL_CACHE_TTL_HOURS": "168",
                  "MONITOR_TAG_KEY": "drift-monitor",
                  "MONITOR_TAG_VALUE": "enabled",
                  "SNS_TOPIC_ARN": "arn:aws:sns:us-east-1:491510380554:drift-monitor-alerts"
                }
              }
            ],
            "ephemeral_storage": [
              {
                "size": 512
              }
            ],
            "file_system_config": [],
            "filename": "./../dist/lambda.zip",
            "function_name": "drift-monitor",
            "handler": "handler.lambda_handler",
            "id": "drift-monitor",
            "image_config": [],
            "image_uri": "",
            "invoke_arn": "arn:aws:apigateway:us-east-1:lambda:path/2015-03-31/functions/arn:aws:lambda:us-east-1:491510380554:function:drift-monitor/invocations",
            "kms_key_arn": "",
            "last_modified": "2026-06-05T06:48:46.000+0000",
            "layers": [],
            "logging_config": [
              {
                "application_log_level": "",
                "log_format": "Text",
                "log_group": "/aws/lambda/drift-monitor",
                "system_log_level": ""
              }
            ],
            "memory_size": 256,
            "package_type": "Zip",
            "publish": false,
            "qualified_arn": "arn:aws:lambda:us-east-1:491510380554:function:drift-monitor:$LATEST",
            "qualified_invoke_arn": "arn:aws:apigateway:us-east-1:lambda:path/2015-03-31/functions/arn:aws:lambda:us-east-1:491510380554:function:drift-monitor:$LATEST/invocations",
            "replace_security_groups_on_destroy": null,
            "replacement_security_group_ids": null,
            "reserved_concurrent_executions": -1,
            "role": "arn:aws:iam::491510380554:role/drift-monitor-lambda-role",
            "runtime": "python3.12",
            "s3_bucket": null,
            "s3_key": null,
            "s3_object_version": null,
            "signing_job_arn": "",
            "signing_profile_version_arn": "",
            "skip_destroy": false,
            "snap_start": [],
            "source_code_hash": "W3xe6AmyVxZ4bVWesRPCAt6OP2UFXHr9MtyL4gRLtic=",
            "source_code_size": 1102077,
            "tags": {
              "Project": "drift-monitor"
            },
            "tags_all": {
              "Project": "drift-monitor"
            },
            "timeout": 300,
            "timeouts": null,
            "tracing_config": [
              {
                "mode": "PassThrough"
              }
            ],
            "version": "$LATEST",
            "vpc_config": []
          },
          "sensitive_attributes": [],
          "identity_schema_version": 0,
          "private": "eyJlMmJmYjczMC1lY2FhLTExZTYtOGY4OC0zNDM2M2JjN2M0YzAiOnsiY3JlYXRlIjo2MDAwMDAwMDAwMDAsImRlbGV0ZSI6NjAwMDAwMDAwMDAwLCJ1cGRhdGUiOjYwMDAwMDAwMDAwMH19",
          "dependencies": [
            "aws_iam_role.drift_monitor",
            "aws_s3_bucket.eol_cache",
            "aws_sns_topic.drift_alerts",
            "data.archive_file.lambda_zip",
            "data.aws_caller_identity.current",
            "data.aws_iam_policy_document.lambda_trust",
            "null_resource.build_lambda"
          ]
        }
      ]
    },
    {
      "mode": "managed",
      "type": "aws_lambda_permission",
      "name": "eventbridge",
      "provider": "provider[\"registry.terraform.io/hashicorp/aws\"]",
      "instances": [
        {
          "schema_version": 0,
          "attributes": {
            "action": "lambda:InvokeFunction",
            "event_source_token": null,
            "function_name": "drift-monitor",
            "function_url_auth_type": null,
            "id": "AllowEventBridgeInvoke",
            "principal": "events.amazonaws.com",
            "principal_org_id": null,
            "qualifier": "",
            "source_account": null,
            "source_arn": "arn:aws:events:us-east-1:491510380554:rule/drift-monitor-schedule",
            "statement_id": "AllowEventBridgeInvoke",
            "statement_id_prefix": ""
          },
          "sensitive_attributes": [],
          "identity_schema_version": 0,
          "private": "bnVsbA==",
          "dependencies": [
            "aws_cloudwatch_event_rule.drift_monitor_schedule",
            "aws_iam_role.drift_monitor",
            "aws_lambda_function.drift_monitor",
            "aws_s3_bucket.eol_cache",
            "aws_sns_topic.drift_alerts",
            "data.archive_file.lambda_zip",
            "data.aws_caller_identity.current",
            "data.aws_iam_policy_document.lambda_trust",
            "null_resource.build_lambda"
          ]
        }
      ]
    },
    {
      "mode": "managed",
      "type": "aws_s3_bucket",
      "name": "eol_cache",
      "provider": "provider[\"registry.terraform.io/hashicorp/aws\"]",
      "instances": [
        {
          "schema_version": 0,
          "attributes": {
            "acceleration_status": "",
            "acl": null,
            "arn": "arn:aws:s3:::drift-monitor-eol-cache-491510380554",
            "bucket": "drift-monitor-eol-cache-491510380554",
            "bucket_domain_name": "drift-monitor-eol-cache-491510380554.s3.amazonaws.com",
            "bucket_prefix": "",
            "bucket_regional_domain_name": "drift-monitor-eol-cache-491510380554.s3.us-east-1.amazonaws.com",
            "cors_rule": [],
            "force_destroy": false,
            "grant": [
              {
                "id": "aa98429a2ed271f203d2f6b99f0e2b7a0cd2a904cf8d8d0469cacbfa435e13eb",
                "permissions": [
                  "FULL_CONTROL"
                ],
                "type": "CanonicalUser",
                "uri": ""
              }
            ],
            "hosted_zone_id": "Z3AQBSTGFYJSTF",
            "id": "drift-monitor-eol-cache-491510380554",
            "lifecycle_rule": [],
            "logging": [],
            "object_lock_configuration": [],
            "object_lock_enabled": false,
            "policy": "",
            "region": "us-east-1",
            "replication_configuration": [],
            "request_payer": "BucketOwner",
            "server_side_encryption_configuration": [
              {
                "rule": [
                  {
                    "apply_server_side_encryption_by_default": [
                      {
                        "kms_master_key_id": "",
                        "sse_algorithm": "AES256"
                      }
                    ],
                    "bucket_key_enabled": false
                  }
                ]
              }
            ],
            "tags": {
              "Project": "drift-monitor",
              "Purpose": "Caches AWS runtime EOL data scraped from AWS docs"
            },
            "tags_all": {
              "Project": "drift-monitor",
              "Purpose": "Caches AWS runtime EOL data scraped from AWS docs"
            },
            "timeouts": null,
            "versioning": [
              {
                "enabled": true,
                "mfa_delete": false
              }
            ],
            "website": [],
            "website_domain": null,
            "website_endpoint": null
          },
          "sensitive_attributes": [],
          "identity_schema_version": 0,
          "private": "eyJlMmJmYjczMC1lY2FhLTExZTYtOGY4OC0zNDM2M2JjN2M0YzAiOnsiY3JlYXRlIjoxMjAwMDAwMDAwMDAwLCJkZWxldGUiOjM2MDAwMDAwMDAwMDAsInJlYWQiOjEyMDAwMDAwMDAwMDAsInVwZGF0ZSI6MTIwMDAwMDAwMDAwMH19",
          "dependencies": [
            "data.aws_caller_identity.current"
          ]
        }
      ]
    },
    {
      "mode": "managed",
      "type": "aws_s3_bucket_public_access_block",
      "name": "eol_cache",
      "provider": "provider[\"registry.terraform.io/hashicorp/aws\"]",
      "instances": [
        {
          "schema_version": 0,
          "attributes": {
            "block_public_acls": true,
            "block_public_policy": true,
            "bucket": "drift-monitor-eol-cache-491510380554",
            "id": "drift-monitor-eol-cache-491510380554",
            "ignore_public_acls": true,
            "restrict_public_buckets": true
          },
          "sensitive_attributes": [],
          "identity_schema_version": 0,
          "private": "bnVsbA==",
          "dependencies": [
            "aws_s3_bucket.eol_cache",
            "data.aws_caller_identity.current"
          ]
        }
      ]
    },
    {
      "mode": "managed",
      "type": "aws_s3_bucket_versioning",
      "name": "eol_cache",
      "provider": "provider[\"registry.terraform.io/hashicorp/aws\"]",
      "instances": [
        {
          "schema_version": 0,
          "attributes": {
            "bucket": "drift-monitor-eol-cache-491510380554",
            "expected_bucket_owner": "",
            "id": "drift-monitor-eol-cache-491510380554",
            "mfa": null,
            "versioning_configuration": [
              {
                "mfa_delete": "",
                "status": "Enabled"
              }
            ]
          },
          "sensitive_attributes": [],
          "identity_schema_version": 0,
          "private": "bnVsbA==",
          "dependencies": [
            "aws_s3_bucket.eol_cache",
            "data.aws_caller_identity.current"
          ]
        }
      ]
    },
    {
      "mode": "managed",
      "type": "aws_sns_topic",
      "name": "drift_alerts",
      "provider": "provider[\"registry.terraform.io/hashicorp/aws\"]",
      "instances": [
        {
          "schema_version": 0,
          "attributes": {
            "application_failure_feedback_role_arn": "",
            "application_success_feedback_role_arn": "",
            "application_success_feedback_sample_rate": 0,
            "archive_policy": "",
            "arn": "arn:aws:sns:us-east-1:491510380554:drift-monitor-alerts",
            "beginning_archive_time": "",
            "content_based_deduplication": false,
            "delivery_policy": "",
            "display_name": "",
            "fifo_throughput_scope": "",
            "fifo_topic": false,
            "firehose_failure_feedback_role_arn": "",
            "firehose_success_feedback_role_arn": "",
            "firehose_success_feedback_sample_rate": 0,
            "http_failure_feedback_role_arn": "",
            "http_success_feedback_role_arn": "",
            "http_success_feedback_sample_rate": 0,
            "id": "arn:aws:sns:us-east-1:491510380554:drift-monitor-alerts",
            "kms_master_key_id": "",
            "lambda_failure_feedback_role_arn": "",
            "lambda_success_feedback_role_arn": "",
            "lambda_success_feedback_sample_rate": 0,
            "name": "drift-monitor-alerts",
            "name_prefix": "",
            "owner": "491510380554",
            "policy": "{\"Id\":\"__default_policy_ID\",\"Statement\":[{\"Action\":[\"SNS:GetTopicAttributes\",\"SNS:SetTopicAttributes\",\"SNS:AddPermission\",\"SNS:RemovePermission\",\"SNS:DeleteTopic\",\"SNS:Subscribe\",\"SNS:ListSubscriptionsByTopic\",\"SNS:Publish\"],\"Condition\":{\"StringEquals\":{\"AWS:SourceOwner\":\"491510380554\"}},\"Effect\":\"Allow\",\"Principal\":{\"AWS\":\"*\"},\"Resource\":\"arn:aws:sns:us-east-1:491510380554:drift-monitor-alerts\",\"Sid\":\"__default_statement_ID\"}],\"Version\":\"2008-10-17\"}",
            "signature_version": 0,
            "sqs_failure_feedback_role_arn": "",
            "sqs_success_feedback_role_arn": "",
            "sqs_success_feedback_sample_rate": 0,
            "tags": {
              "Project": "drift-monitor",
              "Purpose": "Drift monitoring alert notifications"
            },
            "tags_all": {
              "Project": "drift-monitor",
              "Purpose": "Drift monitoring alert notifications"
            },
            "tracing_config": ""
          },
          "sensitive_attributes": [],
          "identity_schema_version": 0,
          "private": "bnVsbA=="
        }
      ]
    },
    {
      "mode": "managed",
      "type": "aws_sns_topic_subscription",
      "name": "email",
      "provider": "provider[\"registry.terraform.io/hashicorp/aws\"]",
      "instances": [
        {
          "schema_version": 0,
          "attributes": {
            "arn": "arn:aws:sns:us-east-1:491510380554:drift-monitor-alerts:19c904a9-97f3-4578-99b7-1883d00144a4",
            "confirmation_timeout_in_minutes": 1,
            "confirmation_was_authenticated": false,
            "delivery_policy": "",
            "endpoint": "fasthd97@gmail.com",
            "endpoint_auto_confirms": false,
            "filter_policy": "",
            "filter_policy_scope": "",
            "id": "arn:aws:sns:us-east-1:491510380554:drift-monitor-alerts:19c904a9-97f3-4578-99b7-1883d00144a4",
            "owner_id": "491510380554",
            "pending_confirmation": false,
            "protocol": "email",
            "raw_message_delivery": false,
            "redrive_policy": "",
            "replay_policy": "",
            "subscription_role_arn": "",
            "topic_arn": "arn:aws:sns:us-east-1:491510380554:drift-monitor-alerts"
          },
          "sensitive_attributes": [],
          "identity_schema_version": 0,
          "private": "bnVsbA==",
          "dependencies": [
            "aws_sns_topic.drift_alerts"
          ]
        }
      ]
    },
    {
      "mode": "managed",
      "type": "null_resource",
      "name": "build_lambda",
      "provider": "provider[\"registry.terraform.io/hashicorp/null\"]",
      "instances": [
        {
          "schema_version": 0,
          "attributes": {
            "id": "1206666213178126284",
            "triggers": {
              "requirements_hash": "63576f0627a0f115f606b6ca7032ce4c",
              "source_hash": "707e93c3467c7574408ae3405f9bba49034a6c531e251751495213a2ea6dce28"
            }
          },
          "sensitive_attributes": [],
          "identity_schema_version": 0
        }
      ]
    }
  ],
  "check_results": null
}
